
Microsoft Visual Studio Solution File, Format Version 12.00
# Visual Studio 2013
VisualStudioVersion = 12.0.30501.0
MinimumVisualStudioVersion = 10.0.40219.1
Project("{FAE04EC0-301F-11D3-BF4B-00C04F79EFBC}") = "LogAn", "LogAn\LogAn.csproj", "{0950D999-C9F7-4603-91BF-744AEE4060EB}"
EndProject
Project("{FAE04EC0-301F-11D3-BF4B-00C04F79EFBC}") = "LogAn.Tests", "LogAn.Tests\LogAn.Tests.csproj", "{98F9F7C3-526E-4F36-B014-74DF4E566BE3}"
EndProject
Global
	GlobalSection(SolutionConfigurationPlatforms) = preSolution
		Debug|Any CPU = Debug|Any CPU
		Release|Any CPU = Release|Any CPU
	EndGlobalSection
	GlobalSection(ProjectConfigurationPlatforms) = postSolution
		{0950D999-C9F7-4603-91BF-744AEE4060EB}.Debug|Any CPU.ActiveCfg = Debug|Any CPU
		{0950D999-C9F7-4603-91BF-744AEE4060EB}.Debug|Any CPU.Build.0 = Debug|Any CPU
		{0950D999-C9F7-4603-91BF-744AEE4060EB}.Release|Any CPU.ActiveCfg = Release|Any CPU
		{0950D999-C9F7-4603-91BF-744AEE4060EB}.Release|Any CPU.Build.0 = Release|Any CPU
		{98F9F7C3-526E-4F36-B014-74DF4E566BE3}.Debug|Any CPU.ActiveCfg = Debug|Any CPU
		{98F9F7C3-526E-4F36-B014-74DF4E566BE3}.Debug|Any CPU.Build.0 = Debug|Any CPU
		{98F9F7C3-526E-4F36-B014-74DF4E566BE3}.Release|Any CPU.ActiveCfg = Release|Any CPU
		{98F9F7C3-526E-4F36-B014-74DF4E566BE3}.Release|Any CPU.Build.0 = Release|Any CPU
	EndGlobalSection
	GlobalSection(SolutionProperties) = preSolution
		HideSolutionNode = FALSE
	EndGlobalSection
EndGlobal
